
Microsoft Visual Studio Solution File, Format Version 12.00
# Visual Studio Version 16
VisualStudioVersion = 16.0.29230.47
MinimumVisualStudioVersion = 10.0.40219.1
Project("{FAE04EC0-301F-11D3-BF4B-00C04F79EFBC}") = "Resultados", "Resultados\Resultados.csproj", "{B3F00568-A181-427A-A069-2241D7CF1A46}"
EndProject
Global
	GlobalSection(SolutionConfigurationPlatforms) = preSolution
		Debug|Any CPU = Debug|Any CPU
		Release|Any CPU = Release|Any CPU
	EndGlobalSection
	GlobalSection(ProjectConfigurationPlatforms) = postSolution
		{B3F00568-A181-427A-A069-2241D7CF1A46}.Debug|Any CPU.ActiveCfg = Debug|Any CPU
		{B3F00568-A181-427A-A069-2241D7CF1A46}.Debug|Any CPU.Build.0 = Debug|Any CPU
		{B3F00568-A181-427A-A069-2241D7CF1A46}.Release|Any CPU.ActiveCfg = Release|Any CPU
		{B3F00568-A181-427A-A069-2241D7CF1A46}.Release|Any CPU.Build.0 = Release|Any CPU
	EndGlobalSection
	GlobalSection(SolutionProperties) = preSolution
		HideSolutionNode = FALSE
	EndGlobalSection
	GlobalSection(ExtensibilityGlobals) = postSolution
		SolutionGuid = {7A482676-3335-474D-849B-446F16979916}
	EndGlobalSection
EndGlobal
